
Microsoft Visual Studio Solution File, Format Version 12.00
# Visual Studio Version 17
VisualStudioVersion = 17.10.35122.118
MinimumVisualStudioVersion = 10.0.40219.1
Project("{FAE04EC0-301F-11D3-BF4B-00C04F79EFBC}") = "WebApi_OPRET", "WebApi_OPRET\WebApi_OPRET.csproj", "{DB00A617-5BC4-4325-8222-036B3A088540}"
EndProject
Global
	GlobalSection(SolutionConfigurationPlatforms) = preSolution
		Debug|Any CPU = Debug|Any CPU
		Release|Any CPU = Release|Any CPU
	EndGlobalSection
	GlobalSection(ProjectConfigurationPlatforms) = postSolution
		{DB00A617-5BC4-4325-8222-036B3A088540}.Debug|Any CPU.ActiveCfg = Debug|Any CPU
		{DB00A617-5BC4-4325-8222-036B3A088540}.Debug|Any CPU.Build.0 = Debug|Any CPU
		{DB00A617-5BC4-4325-8222-036B3A088540}.Release|Any CPU.ActiveCfg = Release|Any CPU
		{DB00A617-5BC4-4325-8222-036B3A088540}.Release|Any CPU.Build.0 = Release|Any CPU
	EndGlobalSection
	GlobalSection(SolutionProperties) = preSolution
		HideSolutionNode = FALSE
	EndGlobalSection
	GlobalSection(ExtensibilityGlobals) = postSolution
		SolutionGuid = {0B7A525B-8167-42AD-A077-84631DA45FAC}
	EndGlobalSection
EndGlobal
